
Microsoft Visual Studio Solution File, Format Version 12.00
Project("{FAE04EC0-301F-11D3-BF4B-00C04F79EFBC}") = "LabsUI", "LabsUI\LabsUI.csproj", "{CA94CFF2-4395-45F7-AAB2-BE66C8ED4E2A}"
EndProject
Project("{FAE04EC0-301F-11D3-BF4B-00C04F79EFBC}") = "lab1_2", "lab1_2\lab1_2.csproj", "{3F26BD9F-39A9-4F15-9D38-01CF2016196A}"
EndProject
Project("{FAE04EC0-301F-11D3-BF4B-00C04F79EFBC}") = "Common", "Common\Common.csproj", "{5E11ABA3-322D-4E89-9D77-BE2BF7E83EBF}"
EndProject
Project("{FAE04EC0-301F-11D3-BF4B-00C04F79EFBC}") = "lab3", "lab3\lab3.csproj", "{5E60CD1A-25FB-4652-834A-E441AB19B467}"
EndProject
Global
	GlobalSection(SolutionConfigurationPlatforms) = preSolution
		Debug|Any CPU = Debug|Any CPU
		Release|Any CPU = Release|Any CPU
	EndGlobalSection
	GlobalSection(ProjectConfigurationPlatforms) = postSolution
		{CA94CFF2-4395-45F7-AAB2-BE66C8ED4E2A}.Debug|Any CPU.ActiveCfg = Debug|Any CPU
		{CA94CFF2-4395-45F7-AAB2-BE66C8ED4E2A}.Debug|Any CPU.Build.0 = Debug|Any CPU
		{CA94CFF2-4395-45F7-AAB2-BE66C8ED4E2A}.Release|Any CPU.ActiveCfg = Release|Any CPU
		{CA94CFF2-4395-45F7-AAB2-BE66C8ED4E2A}.Release|Any CPU.Build.0 = Release|Any CPU
		{3F26BD9F-39A9-4F15-9D38-01CF2016196A}.Debug|Any CPU.ActiveCfg = Debug|Any CPU
		{3F26BD9F-39A9-4F15-9D38-01CF2016196A}.Debug|Any CPU.Build.0 = Debug|Any CPU
		{3F26BD9F-39A9-4F15-9D38-01CF2016196A}.Release|Any CPU.ActiveCfg = Release|Any CPU
		{3F26BD9F-39A9-4F15-9D38-01CF2016196A}.Release|Any CPU.Build.0 = Release|Any CPU
		{5E11ABA3-322D-4E89-9D77-BE2BF7E83EBF}.Debug|Any CPU.ActiveCfg = Debug|Any CPU
		{5E11ABA3-322D-4E89-9D77-BE2BF7E83EBF}.Debug|Any CPU.Build.0 = Debug|Any CPU
		{5E11ABA3-322D-4E89-9D77-BE2BF7E83EBF}.Release|Any CPU.ActiveCfg = Release|Any CPU
		{5E11ABA3-322D-4E89-9D77-BE2BF7E83EBF}.Release|Any CPU.Build.0 = Release|Any CPU
		{5E60CD1A-25FB-4652-834A-E441AB19B467}.Debug|Any CPU.ActiveCfg = Debug|Any CPU
		{5E60CD1A-25FB-4652-834A-E441AB19B467}.Debug|Any CPU.Build.0 = Debug|Any CPU
		{5E60CD1A-25FB-4652-834A-E441AB19B467}.Release|Any CPU.ActiveCfg = Release|Any CPU
		{5E60CD1A-25FB-4652-834A-E441AB19B467}.Release|Any CPU.Build.0 = Release|Any CPU
	EndGlobalSection
EndGlobal
